{
  "name": "j65",
  "version": "0.1.0",
  "lockfileVersion": 1,
  "requires": true,
  "dependencies": {
    "aqa": {
      "version": "0.4.0",
      "resolved": "https://registry.npmjs.org/aqa/-/aqa-0.4.0.tgz",
      "integrity": "sha512-5W1bOQw590jBJXEhIHc23bVS+PNxtZnRVW4/HkDYAJYJnbbGoNwSyn1WeQI6DLItH7WXU440k91IT3h0ZJKdkw==",
      "dev": true
    },
    "streambuf": {
      "version": "1.1.2",
      "resolved": "https://registry.npmjs.org/streambuf/-/streambuf-1.1.2.tgz",
      "integrity": "sha512-H66Gh7GN8ECqg2Ojc28SCtYCaDBS1e7dUs4haQo8qkgu2PUMvwLcgx8c4/i1eWga0OL+xfFEnuKTMRLtmqqnMw=="
    }
  }
}
