{
  "name": "j65",
  "version": "0.1.0",
  "lockfileVersion": 2,
  "requires": true,
  "packages": {
    "": {
      "name": "j65",
      "version": "0.1.0",
      "license": "ISC",
      "dependencies": {
        "streambuf": "^1.1.2"
      },
      "devDependencies": {
        "aqa": "^1.1"
      }
    },
    "node_modules/aqa": {
      "version": "1.1.14",
      "resolved": "https://registry.npmjs.org/aqa/-/aqa-1.1.14.tgz",
      "integrity": "sha512-RfNK3II5EDuYxU/q4/tdv6Mpmv0lXcfmlkxjhsxLPhkmR8sKw+oRb1a7yGXp0arUU0lQmrhbqqTJy1IZDTDrKw==",
      "dev": true,
      "bin": {
        "aqa": "cli.js"
      }
    },
    "node_modules/streambuf": {
      "version": "1.1.2",
      "resolved": "https://registry.npmjs.org/streambuf/-/streambuf-1.1.2.tgz",
      "integrity": "sha512-H66Gh7GN8ECqg2Ojc28SCtYCaDBS1e7dUs4haQo8qkgu2PUMvwLcgx8c4/i1eWga0OL+xfFEnuKTMRLtmqqnMw=="
    }
  },
  "dependencies": {
    "aqa": {
      "version": "1.1.14",
      "resolved": "https://registry.npmjs.org/aqa/-/aqa-1.1.14.tgz",
      "integrity": "sha512-RfNK3II5EDuYxU/q4/tdv6Mpmv0lXcfmlkxjhsxLPhkmR8sKw+oRb1a7yGXp0arUU0lQmrhbqqTJy1IZDTDrKw==",
      "dev": true
    },
    "streambuf": {
      "version": "1.1.2",
      "resolved": "https://registry.npmjs.org/streambuf/-/streambuf-1.1.2.tgz",
      "integrity": "sha512-H66Gh7GN8ECqg2Ojc28SCtYCaDBS1e7dUs4haQo8qkgu2PUMvwLcgx8c4/i1eWga0OL+xfFEnuKTMRLtmqqnMw=="
    }
  }
}
