{
  "name": "j65",
  "version": "0.1.0",
  "lockfileVersion": 1,
  "requires": true,
  "dependencies": {
    "aqa": {
      "version": "0.1.1",
      "resolved": "https://registry.npmjs.org/aqa/-/aqa-0.1.1.tgz",
      "integrity": "sha512-r3RK7i19+RE42DqlZWvgII5qBcMkUa80YNfK4g+hW+1Dc0bRzqWPKhRVRiKHuJGems7wRkj0J6Dm2pt6hECfFQ=="
    },
    "streambuf": {
      "version": "1.0.13",
      "resolved": "https://registry.npmjs.org/streambuf/-/streambuf-1.0.13.tgz",
      "integrity": "sha512-50KgmebI3F3Etdvui8VDBrsS+08TCmAS0a3jcBqTEFh9X17g79nb87R0FXekUfhNE4d0hZ0bku2eZwtnTzjHFw=="
    }
  }
}
